// !$*UTF8*$!
{
	archiveVersion = 1;
	classes = {
	};
	objectVersion = 48;
	objects = {

/* Begin PBXBuildFile section */
		CE4B948A206DDCA8007994D9 /* AppDelegate.m in Sources */ = {isa = PBXBuildFile; fileRef = CE4B9489206DDCA8007994D9 /* AppDelegate.m */; };
		CE4B948D206DDCA9007994D9 /* ViewController.m in Sources */ = {isa = PBXBuildFile; fileRef = CE4B948C206DDCA9007994D9 /* ViewController.m */; };
		CE4B9490206DDCA9007994D9 /* Main.storyboard in Resources */ = {isa = PBXBuildFile; fileRef = CE4B948E206DDCA9007994D9 /* Main.storyboard */; };
		CE4B9492206DDCA9007994D9 /* Assets.xcassets in Resources */ = {isa = PBXBuildFile; fileRef = CE4B9491206DDCA9007994D9 /* Assets.xcassets */; };
		CE4B9495206DDCA9007994D9 /* LaunchScreen.storyboard in Resources */ = {isa = PBXBuildFile; fileRef = CE4B9493206DDCA9007994D9 /* LaunchScreen.storyboard */; };
		CE4B9498206DDCA9007994D9 /* main.m in Sources */ = {isa = PBXBuildFile; fileRef = CE4B9497206DDCA9007994D9 /* main.m */; };
		CE4B94A2206DDCA9007994D9 /* BJCategoryTests.m in Sources */ = {isa = PBXBuildFile; fileRef = CE4B94A1206DDCA9007994D9 /* BJCategoryTests.m */; };
		CE4B94AD206DDCA9007994D9 /* BJCategoryUITests.m in Sources */ = {isa = PBXBuildFile; fileRef = CE4B94AC206DDCA9007994D9 /* BJCategoryUITests.m */; };
		CE99837A2077963000080965 /* NSObject+BJKVCTest.m in Sources */ = {isa = PBXBuildFile; fileRef = CE9983792077963000080965 /* NSObject+BJKVCTest.m */; };
		CEBAEA3B214F44480031CE22 /* UIButton+BJExtend.m in Sources */ = {isa = PBXBuildFile; fileRef = CEBAEA16214F44420031CE22 /* UIButton+BJExtend.m */; };
		CEBAEA3C214F44480031CE22 /* NSArray+Log.m in Sources */ = {isa = PBXBuildFile; fileRef = CEBAEA1A214F44430031CE22 /* NSArray+Log.m */; };
		CEBAEA3D214F44480031CE22 /* NSString+BJExtend.m in Sources */ = {isa = PBXBuildFile; fileRef = CEBAEA1B214F44430031CE22 /* NSString+BJExtend.m */; };
		CEBAEA3E214F44480031CE22 /* BJCategoryConst.m in Sources */ = {isa = PBXBuildFile; fileRef = CEBAEA1C214F44430031CE22 /* BJCategoryConst.m */; };
		CEBAEA3F214F44480031CE22 /* UIView+BJLayout.m in Sources */ = {isa = PBXBuildFile; fileRef = CEBAEA21214F44440031CE22 /* UIView+BJLayout.m */; };
		CEBAEA40214F44480031CE22 /* NSArray+BJExtend.m in Sources */ = {isa = PBXBuildFile; fileRef = CEBAEA23214F44440031CE22 /* NSArray+BJExtend.m */; };
		CEBAEA41214F44480031CE22 /* NSObject+BJKVO.m in Sources */ = {isa = PBXBuildFile; fileRef = CEBAEA24214F44440031CE22 /* NSObject+BJKVO.m */; };
		CEBAEA42214F44480031CE22 /* NSString+BJHeight.m in Sources */ = {isa = PBXBuildFile; fileRef = CEBAEA25214F44440031CE22 /* NSString+BJHeight.m */; };
		CEBAEA43214F44480031CE22 /* UIColor+BJExtend.m in Sources */ = {isa = PBXBuildFile; fileRef = CEBAEA28214F44450031CE22 /* UIColor+BJExtend.m */; };
		CEBAEA44214F44480031CE22 /* UITextView+BJExtend.m in Sources */ = {isa = PBXBuildFile; fileRef = CEBAEA29214F44450031CE22 /* UITextView+BJExtend.m */; };
		CEBAEA45214F44480031CE22 /* UIBarButtonItem+BJExtend.m in Sources */ = {isa = PBXBuildFile; fileRef = CEBAEA2A214F44450031CE22 /* UIBarButtonItem+BJExtend.m */; };
		CEBAEA46214F44480031CE22 /* UIImageView+BJExtend.m in Sources */ = {isa = PBXBuildFile; fileRef = CEBAEA2F214F44460031CE22 /* UIImageView+BJExtend.m */; };
		CEBAEA47214F44480031CE22 /* NSObject+BJKVC.m in Sources */ = {isa = PBXBuildFile; fileRef = CEBAEA32214F44460031CE22 /* NSObject+BJKVC.m */; };
		CEBAEA48214F44480031CE22 /* NSMutableAttributedString+BJExtend.m in Sources */ = {isa = PBXBuildFile; fileRef = CEBAEA33214F44460031CE22 /* NSMutableAttributedString+BJExtend.m */; };
		CEBAEA49214F44480031CE22 /* NSDictionary+Log.m in Sources */ = {isa = PBXBuildFile; fileRef = CEBAEA36214F44470031CE22 /* NSDictionary+Log.m */; };
		CEBAEA4A214F44480031CE22 /* UIDevice+BJExtend.m in Sources */ = {isa = PBXBuildFile; fileRef = CEBAEA37214F44470031CE22 /* UIDevice+BJExtend.m */; };
		CEBAEA4B214F44480031CE22 /* UIImage+BJExtend.m in Sources */ = {isa = PBXBuildFile; fileRef = CEBAEA39214F44470031CE22 /* UIImage+BJExtend.m */; };
		CEBAEA4C214F44480031CE22 /* NSObject+BJRoute.m in Sources */ = {isa = PBXBuildFile; fileRef = CEBAEA3A214F44470031CE22 /* NSObject+BJRoute.m */; };
/* End PBXBuildFile section */

/* Begin PBXContainerItemProxy section */
		CE4B949E206DDCA9007994D9 /* PBXContainerItemProxy */ = {
			isa = PBXContainerItemProxy;
			containerPortal = CE4B947D206DDCA8007994D9 /* Project object */;
			proxyType = 1;
			remoteGlobalIDString = CE4B9484206DDCA8007994D9;
			remoteInfo = BJCategory;
		};
		CE4B94A9206DDCA9007994D9 /* PBXContainerItemProxy */ = {
			isa = PBXContainerItemProxy;
			containerPortal = CE4B947D206DDCA8007994D9 /* Project object */;
			proxyType = 1;
			remoteGlobalIDString = CE4B9484206DDCA8007994D9;
			remoteInfo = BJCategory;
		};
/* End PBXContainerItemProxy section */

/* Begin PBXFileReference section */
		CE4B9485206DDCA8007994D9 /* BJCategory.app */ = {isa = PBXFileReference; explicitFileType = wrapper.application; includeInIndex = 0; path = BJCategory.app; sourceTree = BUILT_PRODUCTS_DIR; };
		CE4B9488206DDCA8007994D9 /* AppDelegate.h */ = {isa = PBXFileReference; lastKnownFileType = sourcecode.c.h; path = AppDelegate.h; sourceTree = "<group>"; };
		CE4B9489206DDCA8007994D9 /* AppDelegate.m */ = {isa = PBXFileReference; lastKnownFileType = sourcecode.c.objc; path = AppDelegate.m; sourceTree = "<group>"; };
		CE4B948B206DDCA8007994D9 /* ViewController.h */ = {isa = PBXFileReference; lastKnownFileType = sourcecode.c.h; path = ViewController.h; sourceTree = "<group>"; };
		CE4B948C206DDCA9007994D9 /* ViewController.m */ = {isa = PBXFileReference; lastKnownFileType = sourcecode.c.objc; path = ViewController.m; sourceTree = "<group>"; };
		CE4B948F206DDCA9007994D9 /* Base */ = {isa = PBXFileReference; lastKnownFileType = file.storyboard; name = Base; path = Base.lproj/Main.storyboard; sourceTree = "<group>"; };
		CE4B9491206DDCA9007994D9 /* Assets.xcassets */ = {isa = PBXFileReference; lastKnownFileType = folder.assetcatalog; path = Assets.xcassets; sourceTree = "<group>"; };
		CE4B9494206DDCA9007994D9 /* Base */ = {isa = PBXFileReference; lastKnownFileType = file.storyboard; name = Base; path = Base.lproj/LaunchScreen.storyboard; sourceTree = "<group>"; };
		CE4B9496206DDCA9007994D9 /* Info.plist */ = {isa = PBXFileReference; lastKnownFileType = text.plist.xml; path = Info.plist; sourceTree = "<group>"; };
		CE4B9497206DDCA9007994D9 /* main.m */ = {isa = PBXFileReference; lastKnownFileType = sourcecode.c.objc; path = main.m; sourceTree = "<group>"; };
		CE4B949D206DDCA9007994D9 /* BJCategoryTests.xctest */ = {isa = PBXFileReference; explicitFileType = wrapper.cfbundle; includeInIndex = 0; path = BJCategoryTests.xctest; sourceTree = BUILT_PRODUCTS_DIR; };
		CE4B94A1206DDCA9007994D9 /* BJCategoryTests.m */ = {isa = PBXFileReference; lastKnownFileType = sourcecode.c.objc; path = BJCategoryTests.m; sourceTree = "<group>"; };
		CE4B94A3206DDCA9007994D9 /* Info.plist */ = {isa = PBXFileReference; lastKnownFileType = text.plist.xml; path = Info.plist; sourceTree = "<group>"; };
		CE4B94A8206DDCA9007994D9 /* BJCategoryUITests.xctest */ = {isa = PBXFileReference; explicitFileType = wrapper.cfbundle; includeInIndex = 0; path = BJCategoryUITests.xctest; sourceTree = BUILT_PRODUCTS_DIR; };
		CE4B94AC206DDCA9007994D9 /* BJCategoryUITests.m */ = {isa = PBXFileReference; lastKnownFileType = sourcecode.c.objc; path = BJCategoryUITests.m; sourceTree = "<group>"; };
		CE4B94AE206DDCA9007994D9 /* Info.plist */ = {isa = PBXFileReference; lastKnownFileType = text.plist.xml; path = Info.plist; sourceTree = "<group>"; };
		CE9983792077963000080965 /* NSObject+BJKVCTest.m */ = {isa = PBXFileReference; lastKnownFileType = sourcecode.c.objc; path = "NSObject+BJKVCTest.m"; sourceTree = "<group>"; };
		CEBAEA16214F44420031CE22 /* UIButton+BJExtend.m */ = {isa = PBXFileReference; fileEncoding = 4; lastKnownFileType = sourcecode.c.objc; path = "UIButton+BJExtend.m"; sourceTree = "<group>"; };
		CEBAEA17214F44420031CE22 /* NSArray+Log.h */ = {isa = PBXFileReference; fileEncoding = 4; lastKnownFileType = sourcecode.c.h; path = "NSArray+Log.h"; sourceTree = "<group>"; };
		CEBAEA18214F44430031CE22 /* UIButton+BJExtend.h */ = {isa = PBXFileReference; fileEncoding = 4; lastKnownFileType = sourcecode.c.h; path = "UIButton+BJExtend.h"; sourceTree = "<group>"; };
		CEBAEA19214F44430031CE22 /* UIImageView+BJExtend.h */ = {isa = PBXFileReference; fileEncoding = 4; lastKnownFileType = sourcecode.c.h; path = "UIImageView+BJExtend.h"; sourceTree = "<group>"; };
		CEBAEA1A214F44430031CE22 /* NSArray+Log.m */ = {isa = PBXFileReference; fileEncoding = 4; lastKnownFileType = sourcecode.c.objc; path = "NSArray+Log.m"; sourceTree = "<group>"; };
		CEBAEA1B214F44430031CE22 /* NSString+BJExtend.m */ = {isa = PBXFileReference; fileEncoding = 4; lastKnownFileType = sourcecode.c.objc; path = "NSString+BJExtend.m"; sourceTree = "<group>"; };
		CEBAEA1C214F44430031CE22 /* BJCategoryConst.m */ = {isa = PBXFileReference; fileEncoding = 4; lastKnownFileType = sourcecode.c.objc; path = BJCategoryConst.m; sourceTree = "<group>"; };
		CEBAEA1D214F44430031CE22 /* NSObject+BJRoute.h */ = {isa = PBXFileReference; fileEncoding = 4; lastKnownFileType = sourcecode.c.h; path = "NSObject+BJRoute.h"; sourceTree = "<group>"; };
		CEBAEA1E214F44430031CE22 /* NSString+BJHeight.h */ = {isa = PBXFileReference; fileEncoding = 4; lastKnownFileType = sourcecode.c.h; path = "NSString+BJHeight.h"; sourceTree = "<group>"; };
		CEBAEA1F214F44430031CE22 /* UIView+BJLayout.h */ = {isa = PBXFileReference; fileEncoding = 4; lastKnownFileType = sourcecode.c.h; path = "UIView+BJLayout.h"; sourceTree = "<group>"; };
		CEBAEA20214F44440031CE22 /* UIDevice+BJExtend.h */ = {isa = PBXFileReference; fileEncoding = 4; lastKnownFileType = sourcecode.c.h; path = "UIDevice+BJExtend.h"; sourceTree = "<group>"; };
		CEBAEA21214F44440031CE22 /* UIView+BJLayout.m */ = {isa = PBXFileReference; fileEncoding = 4; lastKnownFileType = sourcecode.c.objc; path = "UIView+BJLayout.m"; sourceTree = "<group>"; };
		CEBAEA22214F44440031CE22 /* UIColor+BJExtend.h */ = {isa = PBXFileReference; fileEncoding = 4; lastKnownFileType = sourcecode.c.h; path = "UIColor+BJExtend.h"; sourceTree = "<group>"; };
		CEBAEA23214F44440031CE22 /* NSArray+BJExtend.m */ = {isa = PBXFileReference; fileEncoding = 4; lastKnownFileType = sourcecode.c.objc; path = "NSArray+BJExtend.m"; sourceTree = "<group>"; };
		CEBAEA24214F44440031CE22 /* NSObject+BJKVO.m */ = {isa = PBXFileReference; fileEncoding = 4; lastKnownFileType = sourcecode.c.objc; path = "NSObject+BJKVO.m"; sourceTree = "<group>"; };
		CEBAEA25214F44440031CE22 /* NSString+BJHeight.m */ = {isa = PBXFileReference; fileEncoding = 4; lastKnownFileType = sourcecode.c.objc; path = "NSString+BJHeight.m"; sourceTree = "<group>"; };
		CEBAEA26214F44440031CE22 /* BJCategoryConst.h */ = {isa = PBXFileReference; fileEncoding = 4; lastKnownFileType = sourcecode.c.h; path = BJCategoryConst.h; sourceTree = "<group>"; };
		CEBAEA27214F44440031CE22 /* UIBarButtonItem+BJExtend.h */ = {isa = PBXFileReference; fileEncoding = 4; lastKnownFileType = sourcecode.c.h; path = "UIBarButtonItem+BJExtend.h"; sourceTree = "<group>"; };
		CEBAEA28214F44450031CE22 /* UIColor+BJExtend.m */ = {isa = PBXFileReference; fileEncoding = 4; lastKnownFileType = sourcecode.c.objc; path = "UIColor+BJExtend.m"; sourceTree = "<group>"; };
		CEBAEA29214F44450031CE22 /* UITextView+BJExtend.m */ = {isa = PBXFileReference; fileEncoding = 4; lastKnownFileType = sourcecode.c.objc; path = "UITextView+BJExtend.m"; sourceTree = "<group>"; };
		CEBAEA2A214F44450031CE22 /* UIBarButtonItem+BJExtend.m */ = {isa = PBXFileReference; fileEncoding = 4; lastKnownFileType = sourcecode.c.objc; path = "UIBarButtonItem+BJExtend.m"; sourceTree = "<group>"; };
		CEBAEA2B214F44450031CE22 /* BJCategory.h */ = {isa = PBXFileReference; fileEncoding = 4; lastKnownFileType = sourcecode.c.h; path = BJCategory.h; sourceTree = "<group>"; };
		CEBAEA2C214F44450031CE22 /* UIImage+BJExtend.h */ = {isa = PBXFileReference; fileEncoding = 4; lastKnownFileType = sourcecode.c.h; path = "UIImage+BJExtend.h"; sourceTree = "<group>"; };
		CEBAEA2D214F44450031CE22 /* NSObject+BJKVC.h */ = {isa = PBXFileReference; fileEncoding = 4; lastKnownFileType = sourcecode.c.h; path = "NSObject+BJKVC.h"; sourceTree = "<group>"; };
		CEBAEA2E214F44460031CE22 /* NSArray+BJExtend.h */ = {isa = PBXFileReference; fileEncoding = 4; lastKnownFileType = sourcecode.c.h; path = "NSArray+BJExtend.h"; sourceTree = "<group>"; };
		CEBAEA2F214F44460031CE22 /* UIImageView+BJExtend.m */ = {isa = PBXFileReference; fileEncoding = 4; lastKnownFileType = sourcecode.c.objc; path = "UIImageView+BJExtend.m"; sourceTree = "<group>"; };
		CEBAEA30214F44460031CE22 /* NSString+BJExtend.h */ = {isa = PBXFileReference; fileEncoding = 4; lastKnownFileType = sourcecode.c.h; path = "NSString+BJExtend.h"; sourceTree = "<group>"; };
		CEBAEA31214F44460031CE22 /* NSMutableAttributedString+BJExtend.h */ = {isa = PBXFileReference; fileEncoding = 4; lastKnownFileType = sourcecode.c.h; path = "NSMutableAttributedString+BJExtend.h"; sourceTree = "<group>"; };
		CEBAEA32214F44460031CE22 /* NSObject+BJKVC.m */ = {isa = PBXFileReference; fileEncoding = 4; lastKnownFileType = sourcecode.c.objc; path = "NSObject+BJKVC.m"; sourceTree = "<group>"; };
		CEBAEA33214F44460031CE22 /* NSMutableAttributedString+BJExtend.m */ = {isa = PBXFileReference; fileEncoding = 4; lastKnownFileType = sourcecode.c.objc; path = "NSMutableAttributedString+BJExtend.m"; sourceTree = "<group>"; };
		CEBAEA34214F44460031CE22 /* UITextView+BJExtend.h */ = {isa = PBXFileReference; fileEncoding = 4; lastKnownFileType = sourcecode.c.h; path = "UITextView+BJExtend.h"; sourceTree = "<group>"; };
		CEBAEA35214F44470031CE22 /* NSObject+BJKVO.h */ = {isa = PBXFileReference; fileEncoding = 4; lastKnownFileType = sourcecode.c.h; path = "NSObject+BJKVO.h"; sourceTree = "<group>"; };
		CEBAEA36214F44470031CE22 /* NSDictionary+Log.m */ = {isa = PBXFileReference; fileEncoding = 4; lastKnownFileType = sourcecode.c.objc; path = "NSDictionary+Log.m"; sourceTree = "<group>"; };
		CEBAEA37214F44470031CE22 /* UIDevice+BJExtend.m */ = {isa = PBXFileReference; fileEncoding = 4; lastKnownFileType = sourcecode.c.objc; path = "UIDevice+BJExtend.m"; sourceTree = "<group>"; };
		CEBAEA38214F44470031CE22 /* NSDictionary+Log.h */ = {isa = PBXFileReference; fileEncoding = 4; lastKnownFileType = sourcecode.c.h; path = "NSDictionary+Log.h"; sourceTree = "<group>"; };
		CEBAEA39214F44470031CE22 /* UIImage+BJExtend.m */ = {isa = PBXFileReference; fileEncoding = 4; lastKnownFileType = sourcecode.c.objc; path = "UIImage+BJExtend.m"; sourceTree = "<group>"; };
		CEBAEA3A214F44470031CE22 /* NSObject+BJRoute.m */ = {isa = PBXFileReference; fileEncoding = 4; lastKnownFileType = sourcecode.c.objc; path = "NSObject+BJRoute.m"; sourceTree = "<group>"; };
/* End PBXFileReference section */

/* Begin PBXFrameworksBuildPhase section */
		CE4B9482206DDCA8007994D9 /* Frameworks */ = {
			isa = PBXFrameworksBuildPhase;
			buildActionMask = 2147483647;
			files = (
			);
			runOnlyForDeploymentPostprocessing = 0;
		};
		CE4B949A206DDCA9007994D9 /* Frameworks */ = {
			isa = PBXFrameworksBuildPhase;
			buildActionMask = 2147483647;
			files = (
			);
			runOnlyForDeploymentPostprocessing = 0;
		};
		CE4B94A5206DDCA9007994D9 /* Frameworks */ = {
			isa = PBXFrameworksBuildPhase;
			buildActionMask = 2147483647;
			files = (
			);
			runOnlyForDeploymentPostprocessing = 0;
		};
/* End PBXFrameworksBuildPhase section */

/* Begin PBXGroup section */
		CE4B947C206DDCA8007994D9 = {
			isa = PBXGroup;
			children = (
				CE4B94BA206DDCED007994D9 /* BJCategories */,
				CE4B9487206DDCA8007994D9 /* BJCategory */,
				CE4B94A0206DDCA9007994D9 /* BJCategoryTests */,
				CE4B94AB206DDCA9007994D9 /* BJCategoryUITests */,
				CE4B9486206DDCA8007994D9 /* Products */,
			);
			sourceTree = "<group>";
		};
		CE4B9486206DDCA8007994D9 /* Products */ = {
			isa = PBXGroup;
			children = (
				CE4B9485206DDCA8007994D9 /* BJCategory.app */,
				CE4B949D206DDCA9007994D9 /* BJCategoryTests.xctest */,
				CE4B94A8206DDCA9007994D9 /* BJCategoryUITests.xctest */,
			);
			name = Products;
			sourceTree = "<group>";
		};
		CE4B9487206DDCA8007994D9 /* BJCategory */ = {
			isa = PBXGroup;
			children = (
				CE4B9488206DDCA8007994D9 /* AppDelegate.h */,
				CE4B9489206DDCA8007994D9 /* AppDelegate.m */,
				CE4B948B206DDCA8007994D9 /* ViewController.h */,
				CE4B948C206DDCA9007994D9 /* ViewController.m */,
				CE4B948E206DDCA9007994D9 /* Main.storyboard */,
				CE4B9491206DDCA9007994D9 /* Assets.xcassets */,
				CE4B9493206DDCA9007994D9 /* LaunchScreen.storyboard */,
				CE4B9496206DDCA9007994D9 /* Info.plist */,
				CE4B9497206DDCA9007994D9 /* main.m */,
			);
			path = BJCategory;
			sourceTree = "<group>";
		};
		CE4B94A0206DDCA9007994D9 /* BJCategoryTests */ = {
			isa = PBXGroup;
			children = (
				CE4B94A1206DDCA9007994D9 /* BJCategoryTests.m */,
				CE9983792077963000080965 /* NSObject+BJKVCTest.m */,
				CE4B94A3206DDCA9007994D9 /* Info.plist */,
			);
			path = BJCategoryTests;
			sourceTree = "<group>";
		};
		CE4B94AB206DDCA9007994D9 /* BJCategoryUITests */ = {
			isa = PBXGroup;
			children = (
				CE4B94AC206DDCA9007994D9 /* BJCategoryUITests.m */,
				CE4B94AE206DDCA9007994D9 /* Info.plist */,
			);
			path = BJCategoryUITests;
			sourceTree = "<group>";
		};
		CE4B94BA206DDCED007994D9 /* BJCategories */ = {
			isa = PBXGroup;
			children = (
				CEBAEA2B214F44450031CE22 /* BJCategory.h */,
				CEBAEA26214F44440031CE22 /* BJCategoryConst.h */,
				CEBAEA1C214F44430031CE22 /* BJCategoryConst.m */,
				CEBAEA2E214F44460031CE22 /* NSArray+BJExtend.h */,
				CEBAEA23214F44440031CE22 /* NSArray+BJExtend.m */,
				CEBAEA17214F44420031CE22 /* NSArray+Log.h */,
				CEBAEA1A214F44430031CE22 /* NSArray+Log.m */,
				CEBAEA38214F44470031CE22 /* NSDictionary+Log.h */,
				CEBAEA36214F44470031CE22 /* NSDictionary+Log.m */,
				CEBAEA31214F44460031CE22 /* NSMutableAttributedString+BJExtend.h */,
				CEBAEA33214F44460031CE22 /* NSMutableAttributedString+BJExtend.m */,
				CEBAEA2D214F44450031CE22 /* NSObject+BJKVC.h */,
				CEBAEA32214F44460031CE22 /* NSObject+BJKVC.m */,
				CEBAEA35214F44470031CE22 /* NSObject+BJKVO.h */,
				CEBAEA24214F44440031CE22 /* NSObject+BJKVO.m */,
				CEBAEA1D214F44430031CE22 /* NSObject+BJRoute.h */,
				CEBAEA3A214F44470031CE22 /* NSObject+BJRoute.m */,
				CEBAEA30214F44460031CE22 /* NSString+BJExtend.h */,
				CEBAEA1B214F44430031CE22 /* NSString+BJExtend.m */,
				CEBAEA1E214F44430031CE22 /* NSString+BJHeight.h */,
				CEBAEA25214F44440031CE22 /* NSString+BJHeight.m */,
				CEBAEA27214F44440031CE22 /* UIBarButtonItem+BJExtend.h */,
				CEBAEA2A214F44450031CE22 /* UIBarButtonItem+BJExtend.m */,
				CEBAEA18214F44430031CE22 /* UIButton+BJExtend.h */,
				CEBAEA16214F44420031CE22 /* UIButton+BJExtend.m */,
				CEBAEA22214F44440031CE22 /* UIColor+BJExtend.h */,
				CEBAEA28214F44450031CE22 /* UIColor+BJExtend.m */,
				CEBAEA20214F44440031CE22 /* UIDevice+BJExtend.h */,
				CEBAEA37214F44470031CE22 /* UIDevice+BJExtend.m */,
				CEBAEA2C214F44450031CE22 /* UIImage+BJExtend.h */,
				CEBAEA39214F44470031CE22 /* UIImage+BJExtend.m */,
				CEBAEA19214F44430031CE22 /* UIImageView+BJExtend.h */,
				CEBAEA2F214F44460031CE22 /* UIImageView+BJExtend.m */,
				CEBAEA34214F44460031CE22 /* UITextView+BJExtend.h */,
				CEBAEA29214F44450031CE22 /* UITextView+BJExtend.m */,
				CEBAEA1F214F44430031CE22 /* UIView+BJLayout.h */,
				CEBAEA21214F44440031CE22 /* UIView+BJLayout.m */,
			);
			path = BJCategories;
			sourceTree = "<group>";
		};
/* End PBXGroup section */

/* Begin PBXNativeTarget section */
		CE4B9484206DDCA8007994D9 /* BJCategory */ = {
			isa = PBXNativeTarget;
			buildConfigurationList = CE4B94B1206DDCA9007994D9 /* Build configuration list for PBXNativeTarget "BJCategory" */;
			buildPhases = (
				CE4B9481206DDCA8007994D9 /* Sources */,
				CE4B9482206DDCA8007994D9 /* Frameworks */,
				CE4B9483206DDCA8007994D9 /* Resources */,
			);
			buildRules = (
			);
			dependencies = (
			);
			name = BJCategory;
			productName = BJCategory;
			productReference = CE4B9485206DDCA8007994D9 /* BJCategory.app */;
			productType = "com.apple.product-type.application";
		};
		CE4B949C206DDCA9007994D9 /* BJCategoryTests */ = {
			isa = PBXNativeTarget;
			buildConfigurationList = CE4B94B4206DDCA9007994D9 /* Build configuration list for PBXNativeTarget "BJCategoryTests" */;
			buildPhases = (
				CE4B9499206DDCA9007994D9 /* Sources */,
				CE4B949A206DDCA9007994D9 /* Frameworks */,
				CE4B949B206DDCA9007994D9 /* Resources */,
			);
			buildRules = (
			);
			dependencies = (
				CE4B949F206DDCA9007994D9 /* PBXTargetDependency */,
			);
			name = BJCategoryTests;
			productName = BJCategoryTests;
			productReference = CE4B949D206DDCA9007994D9 /* BJCategoryTests.xctest */;
			productType = "com.apple.product-type.bundle.unit-test";
		};
		CE4B94A7206DDCA9007994D9 /* BJCategoryUITests */ = {
			isa = PBXNativeTarget;
			buildConfigurationList = CE4B94B7206DDCA9007994D9 /* Build configuration list for PBXNativeTarget "BJCategoryUITests" */;
			buildPhases = (
				CE4B94A4206DDCA9007994D9 /* Sources */,
				CE4B94A5206DDCA9007994D9 /* Frameworks */,
				CE4B94A6206DDCA9007994D9 /* Resources */,
			);
			buildRules = (
			);
			dependencies = (
				CE4B94AA206DDCA9007994D9 /* PBXTargetDependency */,
			);
			name = BJCategoryUITests;
			productName = BJCategoryUITests;
			productReference = CE4B94A8206DDCA9007994D9 /* BJCategoryUITests.xctest */;
			productType = "com.apple.product-type.bundle.ui-testing";
		};
/* End PBXNativeTarget section */

/* Begin PBXProject section */
		CE4B947D206DDCA8007994D9 /* Project object */ = {
			isa = PBXProject;
			attributes = {
				LastUpgradeCheck = 0920;
				ORGANIZATIONNAME = "geng hongkai";
				TargetAttributes = {
					CE4B9484206DDCA8007994D9 = {
						CreatedOnToolsVersion = 9.2;
						ProvisioningStyle = Automatic;
					};
					CE4B949C206DDCA9007994D9 = {
						CreatedOnToolsVersion = 9.2;
						ProvisioningStyle = Automatic;
						TestTargetID = CE4B9484206DDCA8007994D9;
					};
					CE4B94A7206DDCA9007994D9 = {
						CreatedOnToolsVersion = 9.2;
						ProvisioningStyle = Automatic;
						TestTargetID = CE4B9484206DDCA8007994D9;
					};
				};
			};
			buildConfigurationList = CE4B9480206DDCA8007994D9 /* Build configuration list for PBXProject "BJCategory" */;
			compatibilityVersion = "Xcode 8.0";
			developmentRegion = en;
			hasScannedForEncodings = 0;
			knownRegions = (
				en,
				Base,
			);
			mainGroup = CE4B947C206DDCA8007994D9;
			productRefGroup = CE4B9486206DDCA8007994D9 /* Products */;
			projectDirPath = "";
			projectRoot = "";
			targets = (
				CE4B9484206DDCA8007994D9 /* BJCategory */,
				CE4B949C206DDCA9007994D9 /* BJCategoryTests */,
				CE4B94A7206DDCA9007994D9 /* BJCategoryUITests */,
			);
		};
/* End PBXProject section */

/* Begin PBXResourcesBuildPhase section */
		CE4B9483206DDCA8007994D9 /* Resources */ = {
			isa = PBXResourcesBuildPhase;
			buildActionMask = 2147483647;
			files = (
				CE4B9495206DDCA9007994D9 /* LaunchScreen.storyboard in Resources */,
				CE4B9492206DDCA9007994D9 /* Assets.xcassets in Resources */,
				CE4B9490206DDCA9007994D9 /* Main.storyboard in Resources */,
			);
			runOnlyForDeploymentPostprocessing = 0;
		};
		CE4B949B206DDCA9007994D9 /* Resources */ = {
			isa = PBXResourcesBuildPhase;
			buildActionMask = 2147483647;
			files = (
			);
			runOnlyForDeploymentPostprocessing = 0;
		};
		CE4B94A6206DDCA9007994D9 /* Resources */ = {
			isa = PBXResourcesBuildPhase;
			buildActionMask = 2147483647;
			files = (
			);
			runOnlyForDeploymentPostprocessing = 0;
		};
/* End PBXResourcesBuildPhase section */

/* Begin PBXSourcesBuildPhase section */
		CE4B9481206DDCA8007994D9 /* Sources */ = {
			isa = PBXSourcesBuildPhase;
			buildActionMask = 2147483647;
			files = (
				CEBAEA3C214F44480031CE22 /* NSArray+Log.m in Sources */,
				CEBAEA4B214F44480031CE22 /* UIImage+BJExtend.m in Sources */,
				CE4B948D206DDCA9007994D9 /* ViewController.m in Sources */,
				CEBAEA4A214F44480031CE22 /* UIDevice+BJExtend.m in Sources */,
				CEBAEA42214F44480031CE22 /* NSString+BJHeight.m in Sources */,
				CEBAEA41214F44480031CE22 /* NSObject+BJKVO.m in Sources */,
				CEBAEA45214F44480031CE22 /* UIBarButtonItem+BJExtend.m in Sources */,
				CEBAEA46214F44480031CE22 /* UIImageView+BJExtend.m in Sources */,
				CEBAEA3F214F44480031CE22 /* UIView+BJLayout.m in Sources */,
				CE4B9498206DDCA9007994D9 /* main.m in Sources */,
				CE4B948A206DDCA8007994D9 /* AppDelegate.m in Sources */,
				CEBAEA3B214F44480031CE22 /* UIButton+BJExtend.m in Sources */,
				CEBAEA3D214F44480031CE22 /* NSString+BJExtend.m in Sources */,
				CEBAEA44214F44480031CE22 /* UITextView+BJExtend.m in Sources */,
				CEBAEA4C214F44480031CE22 /* NSObject+BJRoute.m in Sources */,
				CEBAEA43214F44480031CE22 /* UIColor+BJExtend.m in Sources */,
				CEBAEA49214F44480031CE22 /* NSDictionary+Log.m in Sources */,
				CEBAEA48214F44480031CE22 /* NSMutableAttributedString+BJExtend.m in Sources */,
				CEBAEA3E214F44480031CE22 /* BJCategoryConst.m in Sources */,
				CEBAEA47214F44480031CE22 /* NSObject+BJKVC.m in Sources */,
				CEBAEA40214F44480031CE22 /* NSArray+BJExtend.m in Sources */,
			);
			runOnlyForDeploymentPostprocessing = 0;
		};
		CE4B9499206DDCA9007994D9 /* Sources */ = {
			isa = PBXSourcesBuildPhase;
			buildActionMask = 2147483647;
			files = (
				CE99837A2077963000080965 /* NSObject+BJKVCTest.m in Sources */,
				CE4B94A2206DDCA9007994D9 /* BJCategoryTests.m in Sources */,
			);
			runOnlyForDeploymentPostprocessing = 0;
		};
		CE4B94A4206DDCA9007994D9 /* Sources */ = {
			isa = PBXSourcesBuildPhase;
			buildActionMask = 2147483647;
			files = (
				CE4B94AD206DDCA9007994D9 /* BJCategoryUITests.m in Sources */,
			);
			runOnlyForDeploymentPostprocessing = 0;
		};
/* End PBXSourcesBuildPhase section */

/* Begin PBXTargetDependency section */
		CE4B949F206DDCA9007994D9 /* PBXTargetDependency */ = {
			isa = PBXTargetDependency;
			target = CE4B9484206DDCA8007994D9 /* BJCategory */;
			targetProxy = CE4B949E206DDCA9007994D9 /* PBXContainerItemProxy */;
		};
		CE4B94AA206DDCA9007994D9 /* PBXTargetDependency */ = {
			isa = PBXTargetDependency;
			target = CE4B9484206DDCA8007994D9 /* BJCategory */;
			targetProxy = CE4B94A9206DDCA9007994D9 /* PBXContainerItemProxy */;
		};
/* End PBXTargetDependency section */

/* Begin PBXVariantGroup section */
		CE4B948E206DDCA9007994D9 /* Main.storyboard */ = {
			isa = PBXVariantGroup;
			children = (
				CE4B948F206DDCA9007994D9 /* Base */,
			);
			name = Main.storyboard;
			sourceTree = "<group>";
		};
		CE4B9493206DDCA9007994D9 /* LaunchScreen.storyboard */ = {
			isa = PBXVariantGroup;
			children = (
				CE4B9494206DDCA9007994D9 /* Base */,
			);
			name = LaunchScreen.storyboard;
			sourceTree = "<group>";
		};
/* End PBXVariantGroup section */

/* Begin XCBuildConfiguration section */
		CE4B94AF206DDCA9007994D9 /* Debug */ = {
			isa = XCBuildConfiguration;
			buildSettings = {
				ALWAYS_SEARCH_USER_PATHS = NO;
				CLANG_ANALYZER_NONNULL = YES;
				CLANG_ANALYZER_NUMBER_OBJECT_CONVERSION = YES_AGGRESSIVE;
				CLANG_CXX_LANGUAGE_STANDARD = "gnu++14";
				CLANG_CXX_LIBRARY = "libc++";
				CLANG_ENABLE_MODULES = YES;
				CLANG_ENABLE_OBJC_ARC = YES;
				CLANG_WARN_BLOCK_CAPTURE_AUTORELEASING = YES;
				CLANG_WARN_BOOL_CONVERSION = YES;
				CLANG_WARN_COMMA = YES;
				CLANG_WARN_CONSTANT_CONVERSION = YES;
				CLANG_WARN_DIRECT_OBJC_ISA_USAGE = YES_ERROR;
				CLANG_WARN_DOCUMENTATION_COMMENTS = YES;
				CLANG_WARN_EMPTY_BODY = YES;
				CLANG_WARN_ENUM_CONVERSION = YES;
				CLANG_WARN_INFINITE_RECURSION = YES;
				CLANG_WARN_INT_CONVERSION = YES;
				CLANG_WARN_NON_LITERAL_NULL_CONVERSION = YES;
				CLANG_WARN_OBJC_LITERAL_CONVERSION = YES;
				CLANG_WARN_OBJC_ROOT_CLASS = YES_ERROR;
				CLANG_WARN_RANGE_LOOP_ANALYSIS = YES;
				CLANG_WARN_STRICT_PROTOTYPES = YES;
				CLANG_WARN_SUSPICIOUS_MOVE = YES;
				CLANG_WARN_UNGUARDED_AVAILABILITY = YES_AGGRESSIVE;
				CLANG_WARN_UNREACHABLE_CODE = YES;
				CLANG_WARN__DUPLICATE_METHOD_MATCH = YES;
				CODE_SIGN_IDENTITY = "iPhone Developer";
				COPY_PHASE_STRIP = NO;
				DEBUG_INFORMATION_FORMAT = dwarf;
				ENABLE_STRICT_OBJC_MSGSEND = YES;
				ENABLE_TESTABILITY = YES;
				GCC_C_LANGUAGE_STANDARD = gnu11;
				GCC_DYNAMIC_NO_PIC = NO;
				GCC_NO_COMMON_BLOCKS = YES;
				GCC_OPTIMIZATION_LEVEL = 0;
				GCC_PREPROCESSOR_DEFINITIONS = (
					"DEBUG=1",
					"$(inherited)",
				);
				GCC_WARN_64_TO_32_BIT_CONVERSION = YES;
				GCC_WARN_ABOUT_RETURN_TYPE = YES_ERROR;
				GCC_WARN_UNDECLARED_SELECTOR = YES;
				GCC_WARN_UNINITIALIZED_AUTOS = YES_AGGRESSIVE;
				GCC_WARN_UNUSED_FUNCTION = YES;
				GCC_WARN_UNUSED_VARIABLE = YES;
				IPHONEOS_DEPLOYMENT_TARGET = 11.2;
				MTL_ENABLE_DEBUG_INFO = YES;
				ONLY_ACTIVE_ARCH = YES;
				SDKROOT = iphoneos;
			};
			name = Debug;
		};
		CE4B94B0206DDCA9007994D9 /* Release */ = {
			isa = XCBuildConfiguration;
			buildSettings = {
				ALWAYS_SEARCH_USER_PATHS = NO;
				CLANG_ANALYZER_NONNULL = YES;
				CLANG_ANALYZER_NUMBER_OBJECT_CONVERSION = YES_AGGRESSIVE;
				CLANG_CXX_LANGUAGE_STANDARD = "gnu++14";
				CLANG_CXX_LIBRARY = "libc++";
				CLANG_ENABLE_MODULES = YES;
				CLANG_ENABLE_OBJC_ARC = YES;
				CLANG_WARN_BLOCK_CAPTURE_AUTORELEASING = YES;
				CLANG_WARN_BOOL_CONVERSION = YES;
				CLANG_WARN_COMMA = YES;
				CLANG_WARN_CONSTANT_CONVERSION = YES;
				CLANG_WARN_DIRECT_OBJC_ISA_USAGE = YES_ERROR;
				CLANG_WARN_DOCUMENTATION_COMMENTS = YES;
				CLANG_WARN_EMPTY_BODY = YES;
				CLANG_WARN_ENUM_CONVERSION = YES;
				CLANG_WARN_INFINITE_RECURSION = YES;
				CLANG_WARN_INT_CONVERSION = YES;
				CLANG_WARN_NON_LITERAL_NULL_CONVERSION = YES;
				CLANG_WARN_OBJC_LITERAL_CONVERSION = YES;
				CLANG_WARN_OBJC_ROOT_CLASS = YES_ERROR;
				CLANG_WARN_RANGE_LOOP_ANALYSIS = YES;
				CLANG_WARN_STRICT_PROTOTYPES = YES;
				CLANG_WARN_SUSPICIOUS_MOVE = YES;
				CLANG_WARN_UNGUARDED_AVAILABILITY = YES_AGGRESSIVE;
				CLANG_WARN_UNREACHABLE_CODE = YES;
				CLANG_WARN__DUPLICATE_METHOD_MATCH = YES;
				CODE_SIGN_IDENTITY = "iPhone Developer";
				COPY_PHASE_STRIP = NO;
				DEBUG_INFORMATION_FORMAT = "dwarf-with-dsym";
				ENABLE_NS_ASSERTIONS = NO;
				ENABLE_STRICT_OBJC_MSGSEND = YES;
				GCC_C_LANGUAGE_STANDARD = gnu11;
				GCC_NO_COMMON_BLOCKS = YES;
				GCC_WARN_64_TO_32_BIT_CONVERSION = YES;
				GCC_WARN_ABOUT_RETURN_TYPE = YES_ERROR;
				GCC_WARN_UNDECLARED_SELECTOR = YES;
				GCC_WARN_UNINITIALIZED_AUTOS = YES_AGGRESSIVE;
				GCC_WARN_UNUSED_FUNCTION = YES;
				GCC_WARN_UNUSED_VARIABLE = YES;
				IPHONEOS_DEPLOYMENT_TARGET = 11.2;
				MTL_ENABLE_DEBUG_INFO = NO;
				SDKROOT = iphoneos;
				VALIDATE_PRODUCT = YES;
			};
			name = Release;
		};
		CE4B94B2206DDCA9007994D9 /* Debug */ = {
			isa = XCBuildConfiguration;
			buildSettings = {
				ASSETCATALOG_COMPILER_APPICON_NAME = AppIcon;
				CODE_SIGN_STYLE = Automatic;
				DEVELOPMENT_TEAM = 686HVF55DW;
				INFOPLIST_FILE = BJCategory/Info.plist;
				IPHONEOS_DEPLOYMENT_TARGET = 9.0;
				LD_RUNPATH_SEARCH_PATHS = "$(inherited) @executable_path/Frameworks";
				ONLY_ACTIVE_ARCH = NO;
				PRODUCT_BUNDLE_IDENTIFIER = com.ceshi.ceshizhengshu.BJCategory;
				PRODUCT_NAME = "$(TARGET_NAME)";
				TARGETED_DEVICE_FAMILY = "1,2";
			};
			name = Debug;
		};
		CE4B94B3206DDCA9007994D9 /* Release */ = {
			isa = XCBuildConfiguration;
			buildSettings = {
				ASSETCATALOG_COMPILER_APPICON_NAME = AppIcon;
				CODE_SIGN_STYLE = Automatic;
				DEVELOPMENT_TEAM = 686HVF55DW;
				INFOPLIST_FILE = BJCategory/Info.plist;
				IPHONEOS_DEPLOYMENT_TARGET = 9.0;
				LD_RUNPATH_SEARCH_PATHS = "$(inherited) @executable_path/Frameworks";
				PRODUCT_BUNDLE_IDENTIFIER = com.ceshi.ceshizhengshu.BJCategory;
				PRODUCT_NAME = "$(TARGET_NAME)";
				TARGETED_DEVICE_FAMILY = "1,2";
			};
			name = Release;
		};
		CE4B94B5206DDCA9007994D9 /* Debug */ = {
			isa = XCBuildConfiguration;
			buildSettings = {
				BUNDLE_LOADER = "$(TEST_HOST)";
				CODE_SIGN_STYLE = Automatic;
				DEVELOPMENT_TEAM = 686HVF55DW;
				INFOPLIST_FILE = BJCategoryTests/Info.plist;
				LD_RUNPATH_SEARCH_PATHS = "$(inherited) @executable_path/Frameworks @loader_path/Frameworks";
				PRODUCT_BUNDLE_IDENTIFIER = com.ceshi.ceshizhengshu.BJCategoryTests;
				PRODUCT_NAME = "$(TARGET_NAME)";
				TARGETED_DEVICE_FAMILY = "1,2";
				TEST_HOST = "$(BUILT_PRODUCTS_DIR)/BJCategory.app/BJCategory";
			};
			name = Debug;
		};
		CE4B94B6206DDCA9007994D9 /* Release */ = {
			isa = XCBuildConfiguration;
			buildSettings = {
				BUNDLE_LOADER = "$(TEST_HOST)";
				CODE_SIGN_STYLE = Automatic;
				DEVELOPMENT_TEAM = 686HVF55DW;
				INFOPLIST_FILE = BJCategoryTests/Info.plist;
				LD_RUNPATH_SEARCH_PATHS = "$(inherited) @executable_path/Frameworks @loader_path/Frameworks";
				PRODUCT_BUNDLE_IDENTIFIER = com.ceshi.ceshizhengshu.BJCategoryTests;
				PRODUCT_NAME = "$(TARGET_NAME)";
				TARGETED_DEVICE_FAMILY = "1,2";
				TEST_HOST = "$(BUILT_PRODUCTS_DIR)/BJCategory.app/BJCategory";
			};
			name = Release;
		};
		CE4B94B8206DDCA9007994D9 /* Debug */ = {
			isa = XCBuildConfiguration;
			buildSettings = {
				CODE_SIGN_STYLE = Automatic;
				DEVELOPMENT_TEAM = 686HVF55DW;
				INFOPLIST_FILE = BJCategoryUITests/Info.plist;
				LD_RUNPATH_SEARCH_PATHS = "$(inherited) @executable_path/Frameworks @loader_path/Frameworks";
				PRODUCT_BUNDLE_IDENTIFIER = com.ceshi.ceshizhengshu.BJCategoryUITests;
				PRODUCT_NAME = "$(TARGET_NAME)";
				TARGETED_DEVICE_FAMILY = "1,2";
				TEST_TARGET_NAME = BJCategory;
			};
			name = Debug;
		};
		CE4B94B9206DDCA9007994D9 /* Release */ = {
			isa = XCBuildConfiguration;
			buildSettings = {
				CODE_SIGN_STYLE = Automatic;
				DEVELOPMENT_TEAM = 686HVF55DW;
				INFOPLIST_FILE = BJCategoryUITests/Info.plist;
				LD_RUNPATH_SEARCH_PATHS = "$(inherited) @executable_path/Frameworks @loader_path/Frameworks";
				PRODUCT_BUNDLE_IDENTIFIER = com.ceshi.ceshizhengshu.BJCategoryUITests;
				PRODUCT_NAME = "$(TARGET_NAME)";
				TARGETED_DEVICE_FAMILY = "1,2";
				TEST_TARGET_NAME = BJCategory;
			};
			name = Release;
		};
/* End XCBuildConfiguration section */

/* Begin XCConfigurationList section */
		CE4B9480206DDCA8007994D9 /* Build configuration list for PBXProject "BJCategory" */ = {
			isa = XCConfigurationList;
			buildConfigurations = (
				CE4B94AF206DDCA9007994D9 /* Debug */,
				CE4B94B0206DDCA9007994D9 /* Release */,
			);
			defaultConfigurationIsVisible = 0;
			defaultConfigurationName = Release;
		};
		CE4B94B1206DDCA9007994D9 /* Build configuration list for PBXNativeTarget "BJCategory" */ = {
			isa = XCConfigurationList;
			buildConfigurations = (
				CE4B94B2206DDCA9007994D9 /* Debug */,
				CE4B94B3206DDCA9007994D9 /* Release */,
			);
			defaultConfigurationIsVisible = 0;
			defaultConfigurationName = Release;
		};
		CE4B94B4206DDCA9007994D9 /* Build configuration list for PBXNativeTarget "BJCategoryTests" */ = {
			isa = XCConfigurationList;
			buildConfigurations = (
				CE4B94B5206DDCA9007994D9 /* Debug */,
				CE4B94B6206DDCA9007994D9 /* Release */,
			);
			defaultConfigurationIsVisible = 0;
			defaultConfigurationName = Release;
		};
		CE4B94B7206DDCA9007994D9 /* Build configuration list for PBXNativeTarget "BJCategoryUITests" */ = {
			isa = XCConfigurationList;
			buildConfigurations = (
				CE4B94B8206DDCA9007994D9 /* Debug */,
				CE4B94B9206DDCA9007994D9 /* Release */,
			);
			defaultConfigurationIsVisible = 0;
			defaultConfigurationName = Release;
		};
/* End XCConfigurationList section */
	};
	rootObject = CE4B947D206DDCA8007994D9 /* Project object */;
}
