// !$*UTF8*$!
{
	archiveVersion = 1;
	classes = {
	};
	objectVersion = 48;
	objects = {

/* Begin PBXBuildFile section */
		CE4B948A206DDCA8007994D9 /* AppDelegate.m in Sources */ = {isa = PBXBuildFile; fileRef = CE4B9489206DDCA8007994D9 /* AppDelegate.m */; };
		CE4B948D206DDCA9007994D9 /* ViewController.m in Sources */ = {isa = PBXBuildFile; fileRef = CE4B948C206DDCA9007994D9 /* ViewController.m */; };
		CE4B9490206DDCA9007994D9 /* Main.storyboard in Resources */ = {isa = PBXBuildFile; fileRef = CE4B948E206DDCA9007994D9 /* Main.storyboard */; };
		CE4B9492206DDCA9007994D9 /* Assets.xcassets in Resources */ = {isa = PBXBuildFile; fileRef = CE4B9491206DDCA9007994D9 /* Assets.xcassets */; };
		CE4B9495206DDCA9007994D9 /* LaunchScreen.storyboard in Resources */ = {isa = PBXBuildFile; fileRef = CE4B9493206DDCA9007994D9 /* LaunchScreen.storyboard */; };
		CE4B9498206DDCA9007994D9 /* main.m in Sources */ = {isa = PBXBuildFile; fileRef = CE4B9497206DDCA9007994D9 /* main.m */; };
		CE4B94A2206DDCA9007994D9 /* BJCategoryTests.m in Sources */ = {isa = PBXBuildFile; fileRef = CE4B94A1206DDCA9007994D9 /* BJCategoryTests.m */; };
		CE4B94AD206DDCA9007994D9 /* BJCategoryUITests.m in Sources */ = {isa = PBXBuildFile; fileRef = CE4B94AC206DDCA9007994D9 /* BJCategoryUITests.m */; };
		CE4B94BD206DDD2F007994D9 /* UIColor+BJExtend.m in Sources */ = {isa = PBXBuildFile; fileRef = CE4B94BB206DDD2E007994D9 /* UIColor+BJExtend.m */; };
		CE4B94C2206DE3ED007994D9 /* UIView+BJLayout.m in Sources */ = {isa = PBXBuildFile; fileRef = CE4B94BF206DE3EC007994D9 /* UIView+BJLayout.m */; };
		CE4B94C3206DE3ED007994D9 /* NSObject+BJRoute.m in Sources */ = {isa = PBXBuildFile; fileRef = CE4B94C1206DE3ED007994D9 /* NSObject+BJRoute.m */; };
		CE4B94C7206DE542007994D9 /* BJCategoryConst.m in Sources */ = {isa = PBXBuildFile; fileRef = CE4B94C6206DE542007994D9 /* BJCategoryConst.m */; };
		CE4C5D8A207CC6CF005F89A4 /* NSDictionary+Log.m in Sources */ = {isa = PBXBuildFile; fileRef = CE4C5D88207CC6CE005F89A4 /* NSDictionary+Log.m */; };
		CE4FD4ED2071C4A2000BBE97 /* NSObject+BJKVO.m in Sources */ = {isa = PBXBuildFile; fileRef = CE4FD4EB2071C4A1000BBE97 /* NSObject+BJKVO.m */; };
		CE796AF7207E126100054C8D /* NSArray+Log.m in Sources */ = {isa = PBXBuildFile; fileRef = CE796AF6207E126100054C8D /* NSArray+Log.m */; };
		CE837491206E170400635633 /* NSString+BJExtend.m in Sources */ = {isa = PBXBuildFile; fileRef = CE837490206E170400635633 /* NSString+BJExtend.m */; };
		CE837494206E1A0700635633 /* UIImageView+BJExtend.m in Sources */ = {isa = PBXBuildFile; fileRef = CE837493206E1A0700635633 /* UIImageView+BJExtend.m */; };
		CE83749A206E1D8800635633 /* UIBarButtonItem+BJExtend.m in Sources */ = {isa = PBXBuildFile; fileRef = CE837499206E1D8800635633 /* UIBarButtonItem+BJExtend.m */; };
		CE83749D206E20A900635633 /* UIDevice+BJExtend.m in Sources */ = {isa = PBXBuildFile; fileRef = CE83749C206E20A900635633 /* UIDevice+BJExtend.m */; };
		CE8374A0206E225100635633 /* UIButton+BJExtend.m in Sources */ = {isa = PBXBuildFile; fileRef = CE83749F206E225100635633 /* UIButton+BJExtend.m */; };
		CE8374A3206E2B2B00635633 /* UIImage+BJExtend.m in Sources */ = {isa = PBXBuildFile; fileRef = CE8374A2206E2B2B00635633 /* UIImage+BJExtend.m */; };
		CE9983762077911A00080965 /* NSObject+BJKVC.m in Sources */ = {isa = PBXBuildFile; fileRef = CE9983752077911A00080965 /* NSObject+BJKVC.m */; };
		CE99837A2077963000080965 /* NSObject+BJKVCTest.m in Sources */ = {isa = PBXBuildFile; fileRef = CE9983792077963000080965 /* NSObject+BJKVCTest.m */; };
/* End PBXBuildFile section */

/* Begin PBXContainerItemProxy section */
		CE4B949E206DDCA9007994D9 /* PBXContainerItemProxy */ = {
			isa = PBXContainerItemProxy;
			containerPortal = CE4B947D206DDCA8007994D9 /* Project object */;
			proxyType = 1;
			remoteGlobalIDString = CE4B9484206DDCA8007994D9;
			remoteInfo = BJCategory;
		};
		CE4B94A9206DDCA9007994D9 /* PBXContainerItemProxy */ = {
			isa = PBXContainerItemProxy;
			containerPortal = CE4B947D206DDCA8007994D9 /* Project object */;
			proxyType = 1;
			remoteGlobalIDString = CE4B9484206DDCA8007994D9;
			remoteInfo = BJCategory;
		};
/* End PBXContainerItemProxy section */

/* Begin PBXFileReference section */
		CE4B9485206DDCA8007994D9 /* BJCategory.app */ = {isa = PBXFileReference; explicitFileType = wrapper.application; includeInIndex = 0; path = BJCategory.app; sourceTree = BUILT_PRODUCTS_DIR; };
		CE4B9488206DDCA8007994D9 /* AppDelegate.h */ = {isa = PBXFileReference; lastKnownFileType = sourcecode.c.h; path = AppDelegate.h; sourceTree = "<group>"; };
		CE4B9489206DDCA8007994D9 /* AppDelegate.m */ = {isa = PBXFileReference; lastKnownFileType = sourcecode.c.objc; path = AppDelegate.m; sourceTree = "<group>"; };
		CE4B948B206DDCA8007994D9 /* ViewController.h */ = {isa = PBXFileReference; lastKnownFileType = sourcecode.c.h; path = ViewController.h; sourceTree = "<group>"; };
		CE4B948C206DDCA9007994D9 /* ViewController.m */ = {isa = PBXFileReference; lastKnownFileType = sourcecode.c.objc; path = ViewController.m; sourceTree = "<group>"; };
		CE4B948F206DDCA9007994D9 /* Base */ = {isa = PBXFileReference; lastKnownFileType = file.storyboard; name = Base; path = Base.lproj/Main.storyboard; sourceTree = "<group>"; };
		CE4B9491206DDCA9007994D9 /* Assets.xcassets */ = {isa = PBXFileReference; lastKnownFileType = folder.assetcatalog; path = Assets.xcassets; sourceTree = "<group>"; };
		CE4B9494206DDCA9007994D9 /* Base */ = {isa = PBXFileReference; lastKnownFileType = file.storyboard; name = Base; path = Base.lproj/LaunchScreen.storyboard; sourceTree = "<group>"; };
		CE4B9496206DDCA9007994D9 /* Info.plist */ = {isa = PBXFileReference; lastKnownFileType = text.plist.xml; path = Info.plist; sourceTree = "<group>"; };
		CE4B9497206DDCA9007994D9 /* main.m */ = {isa = PBXFileReference; lastKnownFileType = sourcecode.c.objc; path = main.m; sourceTree = "<group>"; };
		CE4B949D206DDCA9007994D9 /* BJCategoryTests.xctest */ = {isa = PBXFileReference; explicitFileType = wrapper.cfbundle; includeInIndex = 0; path = BJCategoryTests.xctest; sourceTree = BUILT_PRODUCTS_DIR; };
		CE4B94A1206DDCA9007994D9 /* BJCategoryTests.m */ = {isa = PBXFileReference; lastKnownFileType = sourcecode.c.objc; path = BJCategoryTests.m; sourceTree = "<group>"; };
		CE4B94A3206DDCA9007994D9 /* Info.plist */ = {isa = PBXFileReference; lastKnownFileType = text.plist.xml; path = Info.plist; sourceTree = "<group>"; };
		CE4B94A8206DDCA9007994D9 /* BJCategoryUITests.xctest */ = {isa = PBXFileReference; explicitFileType = wrapper.cfbundle; includeInIndex = 0; path = BJCategoryUITests.xctest; sourceTree = BUILT_PRODUCTS_DIR; };
		CE4B94AC206DDCA9007994D9 /* BJCategoryUITests.m */ = {isa = PBXFileReference; lastKnownFileType = sourcecode.c.objc; path = BJCategoryUITests.m; sourceTree = "<group>"; };
		CE4B94AE206DDCA9007994D9 /* Info.plist */ = {isa = PBXFileReference; lastKnownFileType = text.plist.xml; path = Info.plist; sourceTree = "<group>"; };
		CE4B94BB206DDD2E007994D9 /* UIColor+BJExtend.m */ = {isa = PBXFileReference; fileEncoding = 4; lastKnownFileType = sourcecode.c.objc; path = "UIColor+BJExtend.m"; sourceTree = "<group>"; };
		CE4B94BC206DDD2F007994D9 /* UIColor+BJExtend.h */ = {isa = PBXFileReference; fileEncoding = 4; lastKnownFileType = sourcecode.c.h; path = "UIColor+BJExtend.h"; sourceTree = "<group>"; };
		CE4B94BE206DE3EC007994D9 /* UIView+BJLayout.h */ = {isa = PBXFileReference; fileEncoding = 4; lastKnownFileType = sourcecode.c.h; path = "UIView+BJLayout.h"; sourceTree = "<group>"; };
		CE4B94BF206DE3EC007994D9 /* UIView+BJLayout.m */ = {isa = PBXFileReference; fileEncoding = 4; lastKnownFileType = sourcecode.c.objc; path = "UIView+BJLayout.m"; sourceTree = "<group>"; };
		CE4B94C0206DE3ED007994D9 /* NSObject+BJRoute.h */ = {isa = PBXFileReference; fileEncoding = 4; lastKnownFileType = sourcecode.c.h; path = "NSObject+BJRoute.h"; sourceTree = "<group>"; };
		CE4B94C1206DE3ED007994D9 /* NSObject+BJRoute.m */ = {isa = PBXFileReference; fileEncoding = 4; lastKnownFileType = sourcecode.c.objc; path = "NSObject+BJRoute.m"; sourceTree = "<group>"; };
		CE4B94C4206DE4E2007994D9 /* BJCategory.h */ = {isa = PBXFileReference; lastKnownFileType = sourcecode.c.h; path = BJCategory.h; sourceTree = "<group>"; };
		CE4B94C5206DE542007994D9 /* BJCategoryConst.h */ = {isa = PBXFileReference; lastKnownFileType = sourcecode.c.h; path = BJCategoryConst.h; sourceTree = "<group>"; };
		CE4B94C6206DE542007994D9 /* BJCategoryConst.m */ = {isa = PBXFileReference; lastKnownFileType = sourcecode.c.objc; path = BJCategoryConst.m; sourceTree = "<group>"; };
		CE4C5D88207CC6CE005F89A4 /* NSDictionary+Log.m */ = {isa = PBXFileReference; fileEncoding = 4; lastKnownFileType = sourcecode.c.objc; path = "NSDictionary+Log.m"; sourceTree = "<group>"; };
		CE4C5D89207CC6CF005F89A4 /* NSDictionary+Log.h */ = {isa = PBXFileReference; fileEncoding = 4; lastKnownFileType = sourcecode.c.h; path = "NSDictionary+Log.h"; sourceTree = "<group>"; };
		CE4FD4EB2071C4A1000BBE97 /* NSObject+BJKVO.m */ = {isa = PBXFileReference; fileEncoding = 4; lastKnownFileType = sourcecode.c.objc; path = "NSObject+BJKVO.m"; sourceTree = "<group>"; };
		CE4FD4EC2071C4A1000BBE97 /* NSObject+BJKVO.h */ = {isa = PBXFileReference; fileEncoding = 4; lastKnownFileType = sourcecode.c.h; path = "NSObject+BJKVO.h"; sourceTree = "<group>"; };
		CE796AF5207E126000054C8D /* NSArray+Log.h */ = {isa = PBXFileReference; fileEncoding = 4; lastKnownFileType = sourcecode.c.h; path = "NSArray+Log.h"; sourceTree = "<group>"; };
		CE796AF6207E126100054C8D /* NSArray+Log.m */ = {isa = PBXFileReference; fileEncoding = 4; lastKnownFileType = sourcecode.c.objc; path = "NSArray+Log.m"; sourceTree = "<group>"; };
		CE83748F206E170400635633 /* NSString+BJExtend.h */ = {isa = PBXFileReference; lastKnownFileType = sourcecode.c.h; path = "NSString+BJExtend.h"; sourceTree = "<group>"; };
		CE837490206E170400635633 /* NSString+BJExtend.m */ = {isa = PBXFileReference; lastKnownFileType = sourcecode.c.objc; path = "NSString+BJExtend.m"; sourceTree = "<group>"; };
		CE837492206E1A0700635633 /* UIImageView+BJExtend.h */ = {isa = PBXFileReference; lastKnownFileType = sourcecode.c.h; path = "UIImageView+BJExtend.h"; sourceTree = "<group>"; };
		CE837493206E1A0700635633 /* UIImageView+BJExtend.m */ = {isa = PBXFileReference; lastKnownFileType = sourcecode.c.objc; path = "UIImageView+BJExtend.m"; sourceTree = "<group>"; };
		CE837498206E1D8800635633 /* UIBarButtonItem+BJExtend.h */ = {isa = PBXFileReference; lastKnownFileType = sourcecode.c.h; path = "UIBarButtonItem+BJExtend.h"; sourceTree = "<group>"; };
		CE837499206E1D8800635633 /* UIBarButtonItem+BJExtend.m */ = {isa = PBXFileReference; lastKnownFileType = sourcecode.c.objc; path = "UIBarButtonItem+BJExtend.m"; sourceTree = "<group>"; };
		CE83749B206E20A900635633 /* UIDevice+BJExtend.h */ = {isa = PBXFileReference; lastKnownFileType = sourcecode.c.h; path = "UIDevice+BJExtend.h"; sourceTree = "<group>"; };
		CE83749C206E20A900635633 /* UIDevice+BJExtend.m */ = {isa = PBXFileReference; lastKnownFileType = sourcecode.c.objc; path = "UIDevice+BJExtend.m"; sourceTree = "<group>"; };
		CE83749E206E225100635633 /* UIButton+BJExtend.h */ = {isa = PBXFileReference; lastKnownFileType = sourcecode.c.h; path = "UIButton+BJExtend.h"; sourceTree = "<group>"; };
		CE83749F206E225100635633 /* UIButton+BJExtend.m */ = {isa = PBXFileReference; lastKnownFileType = sourcecode.c.objc; path = "UIButton+BJExtend.m"; sourceTree = "<group>"; };
		CE8374A1206E2B2B00635633 /* UIImage+BJExtend.h */ = {isa = PBXFileReference; lastKnownFileType = sourcecode.c.h; path = "UIImage+BJExtend.h"; sourceTree = "<group>"; };
		CE8374A2206E2B2B00635633 /* UIImage+BJExtend.m */ = {isa = PBXFileReference; lastKnownFileType = sourcecode.c.objc; path = "UIImage+BJExtend.m"; sourceTree = "<group>"; };
		CE9983742077911A00080965 /* NSObject+BJKVC.h */ = {isa = PBXFileReference; lastKnownFileType = sourcecode.c.h; path = "NSObject+BJKVC.h"; sourceTree = "<group>"; };
		CE9983752077911A00080965 /* NSObject+BJKVC.m */ = {isa = PBXFileReference; lastKnownFileType = sourcecode.c.objc; path = "NSObject+BJKVC.m"; sourceTree = "<group>"; };
		CE9983792077963000080965 /* NSObject+BJKVCTest.m */ = {isa = PBXFileReference; lastKnownFileType = sourcecode.c.objc; path = "NSObject+BJKVCTest.m"; sourceTree = "<group>"; };
/* End PBXFileReference section */

/* Begin PBXFrameworksBuildPhase section */
		CE4B9482206DDCA8007994D9 /* Frameworks */ = {
			isa = PBXFrameworksBuildPhase;
			buildActionMask = 2147483647;
			files = (
			);
			runOnlyForDeploymentPostprocessing = 0;
		};
		CE4B949A206DDCA9007994D9 /* Frameworks */ = {
			isa = PBXFrameworksBuildPhase;
			buildActionMask = 2147483647;
			files = (
			);
			runOnlyForDeploymentPostprocessing = 0;
		};
		CE4B94A5206DDCA9007994D9 /* Frameworks */ = {
			isa = PBXFrameworksBuildPhase;
			buildActionMask = 2147483647;
			files = (
			);
			runOnlyForDeploymentPostprocessing = 0;
		};
/* End PBXFrameworksBuildPhase section */

/* Begin PBXGroup section */
		CE4B947C206DDCA8007994D9 = {
			isa = PBXGroup;
			children = (
				CE4B94BA206DDCED007994D9 /* BJCategories */,
				CE4B9487206DDCA8007994D9 /* BJCategory */,
				CE4B94A0206DDCA9007994D9 /* BJCategoryTests */,
				CE4B94AB206DDCA9007994D9 /* BJCategoryUITests */,
				CE4B9486206DDCA8007994D9 /* Products */,
			);
			sourceTree = "<group>";
		};
		CE4B9486206DDCA8007994D9 /* Products */ = {
			isa = PBXGroup;
			children = (
				CE4B9485206DDCA8007994D9 /* BJCategory.app */,
				CE4B949D206DDCA9007994D9 /* BJCategoryTests.xctest */,
				CE4B94A8206DDCA9007994D9 /* BJCategoryUITests.xctest */,
			);
			name = Products;
			sourceTree = "<group>";
		};
		CE4B9487206DDCA8007994D9 /* BJCategory */ = {
			isa = PBXGroup;
			children = (
				CE4B9488206DDCA8007994D9 /* AppDelegate.h */,
				CE4B9489206DDCA8007994D9 /* AppDelegate.m */,
				CE4B948B206DDCA8007994D9 /* ViewController.h */,
				CE4B948C206DDCA9007994D9 /* ViewController.m */,
				CE4B948E206DDCA9007994D9 /* Main.storyboard */,
				CE4B9491206DDCA9007994D9 /* Assets.xcassets */,
				CE4B9493206DDCA9007994D9 /* LaunchScreen.storyboard */,
				CE4B9496206DDCA9007994D9 /* Info.plist */,
				CE4B9497206DDCA9007994D9 /* main.m */,
			);
			path = BJCategory;
			sourceTree = "<group>";
		};
		CE4B94A0206DDCA9007994D9 /* BJCategoryTests */ = {
			isa = PBXGroup;
			children = (
				CE4B94A1206DDCA9007994D9 /* BJCategoryTests.m */,
				CE9983792077963000080965 /* NSObject+BJKVCTest.m */,
				CE4B94A3206DDCA9007994D9 /* Info.plist */,
			);
			path = BJCategoryTests;
			sourceTree = "<group>";
		};
		CE4B94AB206DDCA9007994D9 /* BJCategoryUITests */ = {
			isa = PBXGroup;
			children = (
				CE4B94AC206DDCA9007994D9 /* BJCategoryUITests.m */,
				CE4B94AE206DDCA9007994D9 /* Info.plist */,
			);
			path = BJCategoryUITests;
			sourceTree = "<group>";
		};
		CE4B94BA206DDCED007994D9 /* BJCategories */ = {
			isa = PBXGroup;
			children = (
				CE4B94C4206DE4E2007994D9 /* BJCategory.h */,
				CE4B94C5206DE542007994D9 /* BJCategoryConst.h */,
				CE4B94C6206DE542007994D9 /* BJCategoryConst.m */,
				CE796AF5207E126000054C8D /* NSArray+Log.h */,
				CE796AF6207E126100054C8D /* NSArray+Log.m */,
				CE4C5D89207CC6CF005F89A4 /* NSDictionary+Log.h */,
				CE4C5D88207CC6CE005F89A4 /* NSDictionary+Log.m */,
				CE4FD4EC2071C4A1000BBE97 /* NSObject+BJKVO.h */,
				CE4FD4EB2071C4A1000BBE97 /* NSObject+BJKVO.m */,
				CE9983742077911A00080965 /* NSObject+BJKVC.h */,
				CE9983752077911A00080965 /* NSObject+BJKVC.m */,
				CE4B94BC206DDD2F007994D9 /* UIColor+BJExtend.h */,
				CE4B94BB206DDD2E007994D9 /* UIColor+BJExtend.m */,
				CE4B94C0206DE3ED007994D9 /* NSObject+BJRoute.h */,
				CE4B94C1206DE3ED007994D9 /* NSObject+BJRoute.m */,
				CE4B94BE206DE3EC007994D9 /* UIView+BJLayout.h */,
				CE4B94BF206DE3EC007994D9 /* UIView+BJLayout.m */,
				CE83748F206E170400635633 /* NSString+BJExtend.h */,
				CE837490206E170400635633 /* NSString+BJExtend.m */,
				CE837492206E1A0700635633 /* UIImageView+BJExtend.h */,
				CE837493206E1A0700635633 /* UIImageView+BJExtend.m */,
				CE837498206E1D8800635633 /* UIBarButtonItem+BJExtend.h */,
				CE837499206E1D8800635633 /* UIBarButtonItem+BJExtend.m */,
				CE83749B206E20A900635633 /* UIDevice+BJExtend.h */,
				CE83749C206E20A900635633 /* UIDevice+BJExtend.m */,
				CE83749E206E225100635633 /* UIButton+BJExtend.h */,
				CE83749F206E225100635633 /* UIButton+BJExtend.m */,
				CE8374A1206E2B2B00635633 /* UIImage+BJExtend.h */,
				CE8374A2206E2B2B00635633 /* UIImage+BJExtend.m */,
			);
			path = BJCategories;
			sourceTree = "<group>";
		};
/* End PBXGroup section */

/* Begin PBXNativeTarget section */
		CE4B9484206DDCA8007994D9 /* BJCategory */ = {
			isa = PBXNativeTarget;
			buildConfigurationList = CE4B94B1206DDCA9007994D9 /* Build configuration list for PBXNativeTarget "BJCategory" */;
			buildPhases = (
				CE4B9481206DDCA8007994D9 /* Sources */,
				CE4B9482206DDCA8007994D9 /* Frameworks */,
				CE4B9483206DDCA8007994D9 /* Resources */,
			);
			buildRules = (
			);
			dependencies = (
			);
			name = BJCategory;
			productName = BJCategory;
			productReference = CE4B9485206DDCA8007994D9 /* BJCategory.app */;
			productType = "com.apple.product-type.application";
		};
		CE4B949C206DDCA9007994D9 /* BJCategoryTests */ = {
			isa = PBXNativeTarget;
			buildConfigurationList = CE4B94B4206DDCA9007994D9 /* Build configuration list for PBXNativeTarget "BJCategoryTests" */;
			buildPhases = (
				CE4B9499206DDCA9007994D9 /* Sources */,
				CE4B949A206DDCA9007994D9 /* Frameworks */,
				CE4B949B206DDCA9007994D9 /* Resources */,
			);
			buildRules = (
			);
			dependencies = (
				CE4B949F206DDCA9007994D9 /* PBXTargetDependency */,
			);
			name = BJCategoryTests;
			productName = BJCategoryTests;
			productReference = CE4B949D206DDCA9007994D9 /* BJCategoryTests.xctest */;
			productType = "com.apple.product-type.bundle.unit-test";
		};
		CE4B94A7206DDCA9007994D9 /* BJCategoryUITests */ = {
			isa = PBXNativeTarget;
			buildConfigurationList = CE4B94B7206DDCA9007994D9 /* Build configuration list for PBXNativeTarget "BJCategoryUITests" */;
			buildPhases = (
				CE4B94A4206DDCA9007994D9 /* Sources */,
				CE4B94A5206DDCA9007994D9 /* Frameworks */,
				CE4B94A6206DDCA9007994D9 /* Resources */,
			);
			buildRules = (
			);
			dependencies = (
				CE4B94AA206DDCA9007994D9 /* PBXTargetDependency */,
			);
			name = BJCategoryUITests;
			productName = BJCategoryUITests;
			productReference = CE4B94A8206DDCA9007994D9 /* BJCategoryUITests.xctest */;
			productType = "com.apple.product-type.bundle.ui-testing";
		};
/* End PBXNativeTarget section */

/* Begin PBXProject section */
		CE4B947D206DDCA8007994D9 /* Project object */ = {
			isa = PBXProject;
			attributes = {
				LastUpgradeCheck = 0920;
				ORGANIZATIONNAME = "geng hongkai";
				TargetAttributes = {
					CE4B9484206DDCA8007994D9 = {
						CreatedOnToolsVersion = 9.2;
						ProvisioningStyle = Automatic;
					};
					CE4B949C206DDCA9007994D9 = {
						CreatedOnToolsVersion = 9.2;
						ProvisioningStyle = Automatic;
						TestTargetID = CE4B9484206DDCA8007994D9;
					};
					CE4B94A7206DDCA9007994D9 = {
						CreatedOnToolsVersion = 9.2;
						ProvisioningStyle = Automatic;
						TestTargetID = CE4B9484206DDCA8007994D9;
					};
				};
			};
			buildConfigurationList = CE4B9480206DDCA8007994D9 /* Build configuration list for PBXProject "BJCategory" */;
			compatibilityVersion = "Xcode 8.0";
			developmentRegion = en;
			hasScannedForEncodings = 0;
			knownRegions = (
				en,
				Base,
			);
			mainGroup = CE4B947C206DDCA8007994D9;
			productRefGroup = CE4B9486206DDCA8007994D9 /* Products */;
			projectDirPath = "";
			projectRoot = "";
			targets = (
				CE4B9484206DDCA8007994D9 /* BJCategory */,
				CE4B949C206DDCA9007994D9 /* BJCategoryTests */,
				CE4B94A7206DDCA9007994D9 /* BJCategoryUITests */,
			);
		};
/* End PBXProject section */

/* Begin PBXResourcesBuildPhase section */
		CE4B9483206DDCA8007994D9 /* Resources */ = {
			isa = PBXResourcesBuildPhase;
			buildActionMask = 2147483647;
			files = (
				CE4B9495206DDCA9007994D9 /* LaunchScreen.storyboard in Resources */,
				CE4B9492206DDCA9007994D9 /* Assets.xcassets in Resources */,
				CE4B9490206DDCA9007994D9 /* Main.storyboard in Resources */,
			);
			runOnlyForDeploymentPostprocessing = 0;
		};
		CE4B949B206DDCA9007994D9 /* Resources */ = {
			isa = PBXResourcesBuildPhase;
			buildActionMask = 2147483647;
			files = (
			);
			runOnlyForDeploymentPostprocessing = 0;
		};
		CE4B94A6206DDCA9007994D9 /* Resources */ = {
			isa = PBXResourcesBuildPhase;
			buildActionMask = 2147483647;
			files = (
			);
			runOnlyForDeploymentPostprocessing = 0;
		};
/* End PBXResourcesBuildPhase section */

/* Begin PBXSourcesBuildPhase section */
		CE4B9481206DDCA8007994D9 /* Sources */ = {
			isa = PBXSourcesBuildPhase;
			buildActionMask = 2147483647;
			files = (
				CE4B94C2206DE3ED007994D9 /* UIView+BJLayout.m in Sources */,
				CE4C5D8A207CC6CF005F89A4 /* NSDictionary+Log.m in Sources */,
				CE8374A0206E225100635633 /* UIButton+BJExtend.m in Sources */,
				CE4B948D206DDCA9007994D9 /* ViewController.m in Sources */,
				CE796AF7207E126100054C8D /* NSArray+Log.m in Sources */,
				CE837494206E1A0700635633 /* UIImageView+BJExtend.m in Sources */,
				CE4B94BD206DDD2F007994D9 /* UIColor+BJExtend.m in Sources */,
				CE83749A206E1D8800635633 /* UIBarButtonItem+BJExtend.m in Sources */,
				CE83749D206E20A900635633 /* UIDevice+BJExtend.m in Sources */,
				CE4B94C3206DE3ED007994D9 /* NSObject+BJRoute.m in Sources */,
				CE4B9498206DDCA9007994D9 /* main.m in Sources */,
				CE837491206E170400635633 /* NSString+BJExtend.m in Sources */,
				CE8374A3206E2B2B00635633 /* UIImage+BJExtend.m in Sources */,
				CE9983762077911A00080965 /* NSObject+BJKVC.m in Sources */,
				CE4B948A206DDCA8007994D9 /* AppDelegate.m in Sources */,
				CE4FD4ED2071C4A2000BBE97 /* NSObject+BJKVO.m in Sources */,
				CE4B94C7206DE542007994D9 /* BJCategoryConst.m in Sources */,
			);
			runOnlyForDeploymentPostprocessing = 0;
		};
		CE4B9499206DDCA9007994D9 /* Sources */ = {
			isa = PBXSourcesBuildPhase;
			buildActionMask = 2147483647;
			files = (
				CE99837A2077963000080965 /* NSObject+BJKVCTest.m in Sources */,
				CE4B94A2206DDCA9007994D9 /* BJCategoryTests.m in Sources */,
			);
			runOnlyForDeploymentPostprocessing = 0;
		};
		CE4B94A4206DDCA9007994D9 /* Sources */ = {
			isa = PBXSourcesBuildPhase;
			buildActionMask = 2147483647;
			files = (
				CE4B94AD206DDCA9007994D9 /* BJCategoryUITests.m in Sources */,
			);
			runOnlyForDeploymentPostprocessing = 0;
		};
/* End PBXSourcesBuildPhase section */

/* Begin PBXTargetDependency section */
		CE4B949F206DDCA9007994D9 /* PBXTargetDependency */ = {
			isa = PBXTargetDependency;
			target = CE4B9484206DDCA8007994D9 /* BJCategory */;
			targetProxy = CE4B949E206DDCA9007994D9 /* PBXContainerItemProxy */;
		};
		CE4B94AA206DDCA9007994D9 /* PBXTargetDependency */ = {
			isa = PBXTargetDependency;
			target = CE4B9484206DDCA8007994D9 /* BJCategory */;
			targetProxy = CE4B94A9206DDCA9007994D9 /* PBXContainerItemProxy */;
		};
/* End PBXTargetDependency section */

/* Begin PBXVariantGroup section */
		CE4B948E206DDCA9007994D9 /* Main.storyboard */ = {
			isa = PBXVariantGroup;
			children = (
				CE4B948F206DDCA9007994D9 /* Base */,
			);
			name = Main.storyboard;
			sourceTree = "<group>";
		};
		CE4B9493206DDCA9007994D9 /* LaunchScreen.storyboard */ = {
			isa = PBXVariantGroup;
			children = (
				CE4B9494206DDCA9007994D9 /* Base */,
			);
			name = LaunchScreen.storyboard;
			sourceTree = "<group>";
		};
/* End PBXVariantGroup section */

/* Begin XCBuildConfiguration section */
		CE4B94AF206DDCA9007994D9 /* Debug */ = {
			isa = XCBuildConfiguration;
			buildSettings = {
				ALWAYS_SEARCH_USER_PATHS = NO;
				CLANG_ANALYZER_NONNULL = YES;
				CLANG_ANALYZER_NUMBER_OBJECT_CONVERSION = YES_AGGRESSIVE;
				CLANG_CXX_LANGUAGE_STANDARD = "gnu++14";
				CLANG_CXX_LIBRARY = "libc++";
				CLANG_ENABLE_MODULES = YES;
				CLANG_ENABLE_OBJC_ARC = YES;
				CLANG_WARN_BLOCK_CAPTURE_AUTORELEASING = YES;
				CLANG_WARN_BOOL_CONVERSION = YES;
				CLANG_WARN_COMMA = YES;
				CLANG_WARN_CONSTANT_CONVERSION = YES;
				CLANG_WARN_DIRECT_OBJC_ISA_USAGE = YES_ERROR;
				CLANG_WARN_DOCUMENTATION_COMMENTS = YES;
				CLANG_WARN_EMPTY_BODY = YES;
				CLANG_WARN_ENUM_CONVERSION = YES;
				CLANG_WARN_INFINITE_RECURSION = YES;
				CLANG_WARN_INT_CONVERSION = YES;
				CLANG_WARN_NON_LITERAL_NULL_CONVERSION = YES;
				CLANG_WARN_OBJC_LITERAL_CONVERSION = YES;
				CLANG_WARN_OBJC_ROOT_CLASS = YES_ERROR;
				CLANG_WARN_RANGE_LOOP_ANALYSIS = YES;
				CLANG_WARN_STRICT_PROTOTYPES = YES;
				CLANG_WARN_SUSPICIOUS_MOVE = YES;
				CLANG_WARN_UNGUARDED_AVAILABILITY = YES_AGGRESSIVE;
				CLANG_WARN_UNREACHABLE_CODE = YES;
				CLANG_WARN__DUPLICATE_METHOD_MATCH = YES;
				CODE_SIGN_IDENTITY = "iPhone Developer";
				COPY_PHASE_STRIP = NO;
				DEBUG_INFORMATION_FORMAT = dwarf;
				ENABLE_STRICT_OBJC_MSGSEND = YES;
				ENABLE_TESTABILITY = YES;
				GCC_C_LANGUAGE_STANDARD = gnu11;
				GCC_DYNAMIC_NO_PIC = NO;
				GCC_NO_COMMON_BLOCKS = YES;
				GCC_OPTIMIZATION_LEVEL = 0;
				GCC_PREPROCESSOR_DEFINITIONS = (
					"DEBUG=1",
					"$(inherited)",
				);
				GCC_WARN_64_TO_32_BIT_CONVERSION = YES;
				GCC_WARN_ABOUT_RETURN_TYPE = YES_ERROR;
				GCC_WARN_UNDECLARED_SELECTOR = YES;
				GCC_WARN_UNINITIALIZED_AUTOS = YES_AGGRESSIVE;
				GCC_WARN_UNUSED_FUNCTION = YES;
				GCC_WARN_UNUSED_VARIABLE = YES;
				IPHONEOS_DEPLOYMENT_TARGET = 11.2;
				MTL_ENABLE_DEBUG_INFO = YES;
				ONLY_ACTIVE_ARCH = YES;
				SDKROOT = iphoneos;
			};
			name = Debug;
		};
		CE4B94B0206DDCA9007994D9 /* Release */ = {
			isa = XCBuildConfiguration;
			buildSettings = {
				ALWAYS_SEARCH_USER_PATHS = NO;
				CLANG_ANALYZER_NONNULL = YES;
				CLANG_ANALYZER_NUMBER_OBJECT_CONVERSION = YES_AGGRESSIVE;
				CLANG_CXX_LANGUAGE_STANDARD = "gnu++14";
				CLANG_CXX_LIBRARY = "libc++";
				CLANG_ENABLE_MODULES = YES;
				CLANG_ENABLE_OBJC_ARC = YES;
				CLANG_WARN_BLOCK_CAPTURE_AUTORELEASING = YES;
				CLANG_WARN_BOOL_CONVERSION = YES;
				CLANG_WARN_COMMA = YES;
				CLANG_WARN_CONSTANT_CONVERSION = YES;
				CLANG_WARN_DIRECT_OBJC_ISA_USAGE = YES_ERROR;
				CLANG_WARN_DOCUMENTATION_COMMENTS = YES;
				CLANG_WARN_EMPTY_BODY = YES;
				CLANG_WARN_ENUM_CONVERSION = YES;
				CLANG_WARN_INFINITE_RECURSION = YES;
				CLANG_WARN_INT_CONVERSION = YES;
				CLANG_WARN_NON_LITERAL_NULL_CONVERSION = YES;
				CLANG_WARN_OBJC_LITERAL_CONVERSION = YES;
				CLANG_WARN_OBJC_ROOT_CLASS = YES_ERROR;
				CLANG_WARN_RANGE_LOOP_ANALYSIS = YES;
				CLANG_WARN_STRICT_PROTOTYPES = YES;
				CLANG_WARN_SUSPICIOUS_MOVE = YES;
				CLANG_WARN_UNGUARDED_AVAILABILITY = YES_AGGRESSIVE;
				CLANG_WARN_UNREACHABLE_CODE = YES;
				CLANG_WARN__DUPLICATE_METHOD_MATCH = YES;
				CODE_SIGN_IDENTITY = "iPhone Developer";
				COPY_PHASE_STRIP = NO;
				DEBUG_INFORMATION_FORMAT = "dwarf-with-dsym";
				ENABLE_NS_ASSERTIONS = NO;
				ENABLE_STRICT_OBJC_MSGSEND = YES;
				GCC_C_LANGUAGE_STANDARD = gnu11;
				GCC_NO_COMMON_BLOCKS = YES;
				GCC_WARN_64_TO_32_BIT_CONVERSION = YES;
				GCC_WARN_ABOUT_RETURN_TYPE = YES_ERROR;
				GCC_WARN_UNDECLARED_SELECTOR = YES;
				GCC_WARN_UNINITIALIZED_AUTOS = YES_AGGRESSIVE;
				GCC_WARN_UNUSED_FUNCTION = YES;
				GCC_WARN_UNUSED_VARIABLE = YES;
				IPHONEOS_DEPLOYMENT_TARGET = 11.2;
				MTL_ENABLE_DEBUG_INFO = NO;
				SDKROOT = iphoneos;
				VALIDATE_PRODUCT = YES;
			};
			name = Release;
		};
		CE4B94B2206DDCA9007994D9 /* Debug */ = {
			isa = XCBuildConfiguration;
			buildSettings = {
				ASSETCATALOG_COMPILER_APPICON_NAME = AppIcon;
				CODE_SIGN_STYLE = Automatic;
				DEVELOPMENT_TEAM = 686HVF55DW;
				INFOPLIST_FILE = BJCategory/Info.plist;
				IPHONEOS_DEPLOYMENT_TARGET = 9.0;
				LD_RUNPATH_SEARCH_PATHS = "$(inherited) @executable_path/Frameworks";
				ONLY_ACTIVE_ARCH = NO;
				PRODUCT_BUNDLE_IDENTIFIER = com.ceshi.ceshizhengshu.BJCategory;
				PRODUCT_NAME = "$(TARGET_NAME)";
				TARGETED_DEVICE_FAMILY = "1,2";
			};
			name = Debug;
		};
		CE4B94B3206DDCA9007994D9 /* Release */ = {
			isa = XCBuildConfiguration;
			buildSettings = {
				ASSETCATALOG_COMPILER_APPICON_NAME = AppIcon;
				CODE_SIGN_STYLE = Automatic;
				DEVELOPMENT_TEAM = 686HVF55DW;
				INFOPLIST_FILE = BJCategory/Info.plist;
				IPHONEOS_DEPLOYMENT_TARGET = 9.0;
				LD_RUNPATH_SEARCH_PATHS = "$(inherited) @executable_path/Frameworks";
				PRODUCT_BUNDLE_IDENTIFIER = com.ceshi.ceshizhengshu.BJCategory;
				PRODUCT_NAME = "$(TARGET_NAME)";
				TARGETED_DEVICE_FAMILY = "1,2";
			};
			name = Release;
		};
		CE4B94B5206DDCA9007994D9 /* Debug */ = {
			isa = XCBuildConfiguration;
			buildSettings = {
				BUNDLE_LOADER = "$(TEST_HOST)";
				CODE_SIGN_STYLE = Automatic;
				DEVELOPMENT_TEAM = 686HVF55DW;
				INFOPLIST_FILE = BJCategoryTests/Info.plist;
				LD_RUNPATH_SEARCH_PATHS = "$(inherited) @executable_path/Frameworks @loader_path/Frameworks";
				PRODUCT_BUNDLE_IDENTIFIER = com.ceshi.ceshizhengshu.BJCategoryTests;
				PRODUCT_NAME = "$(TARGET_NAME)";
				TARGETED_DEVICE_FAMILY = "1,2";
				TEST_HOST = "$(BUILT_PRODUCTS_DIR)/BJCategory.app/BJCategory";
			};
			name = Debug;
		};
		CE4B94B6206DDCA9007994D9 /* Release */ = {
			isa = XCBuildConfiguration;
			buildSettings = {
				BUNDLE_LOADER = "$(TEST_HOST)";
				CODE_SIGN_STYLE = Automatic;
				DEVELOPMENT_TEAM = 686HVF55DW;
				INFOPLIST_FILE = BJCategoryTests/Info.plist;
				LD_RUNPATH_SEARCH_PATHS = "$(inherited) @executable_path/Frameworks @loader_path/Frameworks";
				PRODUCT_BUNDLE_IDENTIFIER = com.ceshi.ceshizhengshu.BJCategoryTests;
				PRODUCT_NAME = "$(TARGET_NAME)";
				TARGETED_DEVICE_FAMILY = "1,2";
				TEST_HOST = "$(BUILT_PRODUCTS_DIR)/BJCategory.app/BJCategory";
			};
			name = Release;
		};
		CE4B94B8206DDCA9007994D9 /* Debug */ = {
			isa = XCBuildConfiguration;
			buildSettings = {
				CODE_SIGN_STYLE = Automatic;
				DEVELOPMENT_TEAM = 686HVF55DW;
				INFOPLIST_FILE = BJCategoryUITests/Info.plist;
				LD_RUNPATH_SEARCH_PATHS = "$(inherited) @executable_path/Frameworks @loader_path/Frameworks";
				PRODUCT_BUNDLE_IDENTIFIER = com.ceshi.ceshizhengshu.BJCategoryUITests;
				PRODUCT_NAME = "$(TARGET_NAME)";
				TARGETED_DEVICE_FAMILY = "1,2";
				TEST_TARGET_NAME = BJCategory;
			};
			name = Debug;
		};
		CE4B94B9206DDCA9007994D9 /* Release */ = {
			isa = XCBuildConfiguration;
			buildSettings = {
				CODE_SIGN_STYLE = Automatic;
				DEVELOPMENT_TEAM = 686HVF55DW;
				INFOPLIST_FILE = BJCategoryUITests/Info.plist;
				LD_RUNPATH_SEARCH_PATHS = "$(inherited) @executable_path/Frameworks @loader_path/Frameworks";
				PRODUCT_BUNDLE_IDENTIFIER = com.ceshi.ceshizhengshu.BJCategoryUITests;
				PRODUCT_NAME = "$(TARGET_NAME)";
				TARGETED_DEVICE_FAMILY = "1,2";
				TEST_TARGET_NAME = BJCategory;
			};
			name = Release;
		};
/* End XCBuildConfiguration section */

/* Begin XCConfigurationList section */
		CE4B9480206DDCA8007994D9 /* Build configuration list for PBXProject "BJCategory" */ = {
			isa = XCConfigurationList;
			buildConfigurations = (
				CE4B94AF206DDCA9007994D9 /* Debug */,
				CE4B94B0206DDCA9007994D9 /* Release */,
			);
			defaultConfigurationIsVisible = 0;
			defaultConfigurationName = Release;
		};
		CE4B94B1206DDCA9007994D9 /* Build configuration list for PBXNativeTarget "BJCategory" */ = {
			isa = XCConfigurationList;
			buildConfigurations = (
				CE4B94B2206DDCA9007994D9 /* Debug */,
				CE4B94B3206DDCA9007994D9 /* Release */,
			);
			defaultConfigurationIsVisible = 0;
			defaultConfigurationName = Release;
		};
		CE4B94B4206DDCA9007994D9 /* Build configuration list for PBXNativeTarget "BJCategoryTests" */ = {
			isa = XCConfigurationList;
			buildConfigurations = (
				CE4B94B5206DDCA9007994D9 /* Debug */,
				CE4B94B6206DDCA9007994D9 /* Release */,
			);
			defaultConfigurationIsVisible = 0;
			defaultConfigurationName = Release;
		};
		CE4B94B7206DDCA9007994D9 /* Build configuration list for PBXNativeTarget "BJCategoryUITests" */ = {
			isa = XCConfigurationList;
			buildConfigurations = (
				CE4B94B8206DDCA9007994D9 /* Debug */,
				CE4B94B9206DDCA9007994D9 /* Release */,
			);
			defaultConfigurationIsVisible = 0;
			defaultConfigurationName = Release;
		};
/* End XCConfigurationList section */
	};
	rootObject = CE4B947D206DDCA8007994D9 /* Project object */;
}
